github.com/benbjohnson/clock v1.3.0 h1:ip6w0uFQkncKQ979AypyG0ER7mqUSBdKLOgAle/AT8A=
github.com/beorn7/perks v1.0.1 h1:VlbKKnNfV8bJzeqoa4cOKqO6bYr3WgKZxO8Z16+hsOM=
github.com/btcsuite/btcd v0.22.1 h1:CnwP9LM/M9xuRrGSCGeMVs9iv09uMqwsVX7EeIpgV2c=
github.com/btcsuite/btcd/btcec/v2 v2.1.3 h1:xM/n3yIhHAhHy04z4i43C8p4ehixJZMsnrVJkgl+MTE=
github.com/btcsuite/btcd/chaincfg/chainhash v1.0.1 h1:q0rUy8C/TYNBQS1+CGKw68tLOFYSNEs0TFnxxnS9+4U=
github.com/cespare/xxhash/v2 v2.1.2 h1:YRXhKfTDauu4ajMg1TPgFO5jnlC2HCbmLXMcTG5cbYE=
github.com/cheekybits/genny v1.0.0 h1:uGGa4nei+j20rOSeDeP5Of12XVm7TGUd4dJA9RDitfE=
github.com/containerd/cgroups v1.0.3 h1:ADZftAkglvCiD44c77s5YmMqaP2pzVCFZvBmAlBdAP4=
github.com/coreos/go-systemd/v22 v22.3.2 h1:D9/bQk5vlXQFZ6Kwuu6zaiXJ9oTPe68++AzAJc1DzSI=
github.com/davecgh/go-spew v1.1.1 h1:vj9j/u1bqnvCEfJOwUhtlOARqs3+rkHYY13jYWTU97c=
github.com/davidlazar/go-crypto v0.0.0-20200604182044-b73af7476f6c h1:pFUpOrbxDR6AkioZ1ySsx5yxlDQZ8stG2b88gTPxgJU=
github.com/decred/dcrd/crypto/blake256 v1.0.0 h1:/8DMNYp9SGi5f0w7uCm6d6M4OU2rGFK09Y2A4Xv7EE0=
github.com/decred/dcrd/dcrec/secp256k1/v4 v4.0.1 h1:YLtO71vCjJRCBcrPMtQ9nqBsqpA1m5sE92cU+pd5Mcc=
github.com/docker/go-units v0.4.0 h1:3uh0PgVws3nIA0Q+MwDC8yjEPf9zjRfZZWXZYDct3Tw=
github.com/elastic/gosigar v0.14.2 h1:Dg80n8cr90OZ7x+bAax/QjoW/XqTI11RmA79ZwIm9/4=
github.com/flynn/noise v1.0.0 h1:DlTHqmzmvcEiKj+4RYo/imoswx/4r6iBlCMfVtrMXpQ=
github.com/francoispqt/gojay v1.2.13 h1:d2m3sFjloqoIUQU3TsHBgj6qg/BVGlTBeHDUmyJnXKk=
github.com/frankban/quicktest v1.14.3 h1:FJKSZTDHjyhriyC81FLQ0LY93eSai0ZyR/ZIkd3ZUKE=
github.com/fsnotify/fsnotify v1.5.4 h1:jRbGcIw6P2Meqdwuo0H1p6JVLbL5DHKAKlYndzMwVZI=
github.com/go-task/slim-sprig v0.0.0-20210107165309-348f09dbbbc0 h1:p104kn46Q8WdvHunIJ9dAyjPVtrBPhSr3KT2yUst43I=
github.com/godbus/dbus/v5 v5.1.0 h1:4KLkAxT3aOY8Li4FRJe/KvhoNFFxo0m6fNuFUO8QJUk=
github.com/gogo/protobuf v1.3.2 h1:Ov1cvc58UF3b5XjBnZv7+opcTcQFZebYjWzi34vdm4Q=
github.com/golang/groupcache v0.0.0-20210331224755-41bb18bfe9da h1:oI5xCqsCo564l8iNU+DwB5epxmsaqB+rhGL0m5jtYqE=
github.com/golang/protobuf v1.5.2 h1:ROPKBNFfQgOUMifHyP+KYbvpjbdoFNs+aK7DXlji0Tw=
github.com/google/go-cmp v0.5.8 h1:e6P7q2lk1O+qJJb4BtCQXlK8vWEO8V1ZeuEdJNOqZyg=
github.com/google/gopacket v1.1.19 h1:ves8RnFZPGiFnTS0uPQStjwru6uO6h+nlr9j6fL7kF8=
github.com/google/uuid v1.3.0 h1:t6JiXgmwXMjEs8VusXIJk2BXHsn+wx8BZdTaoZ5fu7I=
github.com/gopherjs/gopherjs v0.0.0-20190430165422-3e4dfb77656c h1:7lF+Vz0LqiRidnzC1Oq86fpX1q/iEv2KJdrCtttYjT4=
github.com/gorilla/websocket v1.5.0 h1:PPwGk2jz7EePpoHN/+ClbZu8SPxiqlu12wZP/3sWmnc=
github.com/hashicorp/errwrap v1.1.0 h1:OxrOeh75EUXMY8TBjag2fzXGZ40LB6IKw45YeGUDY2I=
github.com/hashicorp/go-multierror v1.1.1 h1:H5DkEtf6CXdFp0N0Em5UCwQpXMWke8IA0+lD48awMYo=
github.com/hashicorp/golang-lru v0.5.4 h1:YDjusn29QI/Das2iO9M0BHnIbxPeyuCHsjMW+lJfyTc=
github.com/huin/goupnp v1.0.3 h1:N8No57ls+MnjlB+JPiCVSOyy/ot7MJTqlo7rn+NYSqQ=
github.com/ipfs/go-cid v0.2.0 h1:01JTiihFq9en9Vz0lc0VDWvZe/uBonGpzo4THP0vcQ0=
github.com/ipfs/go-datastore v0.5.1 h1:WkRhLuISI+XPD0uk3OskB0fYFSyqK8Ob5ZYew9Qa1nQ=
github.com/ipfs/go-detect-race v0.0.1 h1:qX/xay2W3E4Q1U7d9lNs1sU9nvguX0a7319XbyQ6cOk=
github.com/ipfs/go-ipfs-util v0.0.2 h1:59Sswnk1MFaiq+VcaknX7aYEyGyGDAA73ilhEK2POp8=
github.com/ipfs/go-ipns v0.1.2 h1:O/s/0ht+4Jl9+VoxoUo0zaHjnZUS+aBQIKTuzdZ/ucI=
github.com/ipfs/go-log v1.0.5 h1:2dOuUCB1Z7uoczMWgAyDck5JLb72zHzrMnGnCNNbvY8=
github.com/ipfs/go-log/v2 v2.5.1 h1:1XdUzF7048prq4aBjDQQ4SL5RxftpRGdXhNRwKSAlcY=
github.com/ipld/go-ipld-prime v0.17.0 h1:+U2peiA3aQsE7mrXjD2nYZaZrCcakoz2Wge8K42Ld8g=
github.com/jackpal/go-nat-pmp v1.0.2 h1:KzKSgb7qkJvOUTqYl9/Hg/me3pWgBmERKrTGD7BdWus=
github.com/jbenet/go-temp-err-catcher v0.1.0 h1:zpb3ZH6wIE8Shj2sKS+khgRvf7T7RABoLk/+KKHggpk=
github.com/jbenet/goprocess v0.1.4 h1:DRGOFReOMqqDNXwW70QkacFW0YN9QnwLV0Vqk+3oU0o=
github.com/jtolds/gls v4.20.0+incompatible h1:xdiiI2gbIgH/gLH7ADydsJ1uDOEzR8yvV7C0MuV77Wo=
github.com/klauspost/compress v1.15.1 h1:y9FcTHGyrebwfP0ZZqFiaxTaiDnUrGkJkI+f583BL1A=
github.com/klauspost/cpuid/v2 v2.0.12 h1:p9dKCg8i4gmOxtv35DvrYoWqYzQrvEVdjQ762Y0OqZE=
github.com/koron/go-ssdp v0.0.2 h1:fL3wAoyT6hXHQlORyXUW4Q23kkQpJRgEAYcZB5BR71o=
github.com/kr/pretty v0.3.0 h1:WgNl7dwNpEZ6jJ9k1snq4pZsg7DOEN8hP9Xw0Tsjwk0=
github.com/kr/text v0.2.0 h1:5Nx0Ya0ZqY2ygV366QzturHI13Jq95ApcVaJBhpS+AY=
github.com/libp2p/go-buffer-pool v0.0.2 h1:QNK2iAFa8gjAe1SPz6mHSMuCcjs+X1wlHzeOSqcmlfs=
github.com/libp2p/go-cidranger v1.1.0 h1:ewPN8EZ0dd1LSnrtuwd4709PXVcITVeuwbag38yPW7c=
github.com/libp2p/go-eventbus v0.2.1 h1:VanAdErQnpTioN2TowqNcOijf6YwhuODe4pPKSDpxGc=
github.com/libp2p/go-flow-metrics v0.0.3 h1:8tAs/hSdNvUiLgtlSy3mxwxWP4I9y/jlkPFT7epKdeM=
github.com/libp2p/go-libp2p v0.20.3 h1:tjjDNfp7FqdI/7v1rXtB/BtELaPlAThL2uzlj18kcrw=
github.com/libp2p/go-libp2p-asn-util v0.2.0 h1:rg3+Os8jbnO5DxkC7K/Utdi+DkY3q/d1/1q+8WeNAsw=
github.com/libp2p/go-libp2p-core v0.16.1 h1:bWoiEBqVkpJ13hbv/f69tHODp86t6mvc4fBN4DkK73M=
github.com/libp2p/go-libp2p-kad-dht v0.16.0 h1:epVRYl3O8dn47uV3wVD2+IobEvBPapEMVj4sWlvwQHU=
github.com/libp2p/go-libp2p-kbucket v0.4.7 h1:spZAcgxifvFZHBD8tErvppbnNiKA5uokDu3CV7axu70=
github.com/libp2p/go-libp2p-peerstore v0.6.0 h1:HJminhQSGISBIRb93N6WK3t6Fa8OOTnHd/VBjL4mY5A=
github.com/libp2p/go-libp2p-record v0.1.3 h1:R27hoScIhQf/A8XJZ8lYpnqh9LatJ5YbHs28kCIfql0=
github.com/libp2p/go-libp2p-resource-manager v0.3.0 h1:2+cYxUNi33tcydsVLt6K5Fv2E3OTiVeafltecAj15E0=
github.com/libp2p/go-libp2p-routing-helpers v0.2.3 h1:xY61alxJ6PurSi+MXbywZpelvuU4U4p/gPTxjqCqTzY=
github.com/libp2p/go-libp2p-swarm v0.11.0 h1:ITgsTEY2tA4OxFJGcWeugiMh2x5+VOEnI2JStT1EWxI=
github.com/libp2p/go-libp2p-testing v0.9.2 h1:dCpODRtRaDZKF8HXT9qqqgON+OMEB423Knrgeod8j84=
github.com/libp2p/go-msgio v0.2.0 h1:W6shmB+FeynDrUVl2dgFQvzfBZcXiyqY4VmpQLu9FqU=
github.com/libp2p/go-nat v0.1.0 h1:MfVsH6DLcpa04Xr+p8hmVRG4juse0s3J8HyNWYHffXg=
github.com/libp2p/go-netroute v0.2.0 h1:0FpsbsvuSnAhXFnCY0VLFbJOzaK0VnP0r1QT/o4nWRE=
github.com/libp2p/go-openssl v0.0.7 h1:eCAzdLejcNVBzP/iZM9vqHnQm+XyCEbSSIheIPRGNsw=
github.com/libp2p/go-reuseport v0.2.0 h1:18PRvIMlpY6ZK85nIAicSBuXXvrYoSw3dsBAR7zc560=
github.com/libp2p/go-yamux/v3 v3.1.2 h1:lNEy28MBk1HavUAlzKgShp+F6mn/ea1nDYWftZhFW9Q=
github.com/lucas-clemente/quic-go v0.27.1 h1:sOw+4kFSVrdWOYmUjufQ9GBVPqZ+tu+jMtXxXNmRJyk=
github.com/marten-seemann/qtls-go1-16 v0.1.5 h1:o9JrYPPco/Nukd/HpOHMHZoBDXQqoNtUCmny98/1uqQ=
github.com/marten-seemann/qtls-go1-17 v0.1.1 h1:DQjHPq+aOzUeh9/lixAGunn6rIOQyWChPSI4+hgW7jc=
github.com/marten-seemann/qtls-go1-18 v0.1.1 h1:qp7p7XXUFL7fpBvSS1sWD+uSqPvzNQK43DH+/qEkj0Y=
github.com/marten-seemann/tcp v0.0.0-20210406111302-dfbc87cc63fd h1:br0buuQ854V8u83wA0rVZ8ttrq5CpaPZdvrK0LP2lOk=
github.com/mattn/go-isatty v0.0.14 h1:yVuAays6BHfxijgZPzw+3Zlu5yQgKGP2/hcQbHb7S9Y=
github.com/matttproud/golang_protobuf_extensions v1.0.1 h1:4hp9jkHxhMHkqkrB3Ix0jegS5sx/RkqARlsWZ6pIwiU=
github.com/miekg/dns v1.1.48 h1:Ucfr7IIVyMBz4lRE8qmGUuZ4Wt3/ZGu9hmcMT3Uu4tQ=
github.com/mikioh/tcpinfo v0.0.0-20190314235526-30a79bb1804b h1:z78hV3sbSMAUoyUMM0I83AUIT6Hu17AWfgjzIbtrYFc=
github.com/mikioh/tcpopt v0.0.0-20190314235656-172688c1accc h1:PTfri+PuQmWDqERdnNMiD9ZejrlswWrCpBEZgWOiTrc=
github.com/minio/sha256-simd v1.0.0 h1:v1ta+49hkWZyvaKwrQB8elexRqm6Y0aMLjCNsrYxo6g=
github.com/mr-tron/base58 v1.2.0 h1:T/HDJBh4ZCPbU39/+c3rRvE0uKBQlU27+QI8LJ4t64o=
github.com/multiformats/go-base32 v0.0.4 h1:+qMh4a2f37b4xTNs6mqitDinryCI+tfO2dRVMN9mjSE=
github.com/multiformats/go-base36 v0.1.0 h1:JR6TyF7JjGd3m6FbLU2cOxhC0Li8z8dLNGQ89tUg4F4=
github.com/multiformats/go-multiaddr v0.5.0 h1:i/JuOoVg4szYQ4YEzDGtb2h0o8M7CG/Yq6cGlcjWZpM=
github.com/multiformats/go-multiaddr-dns v0.3.1 h1:QgQgR+LQVt3NPTjbrLLpsaT2ufAA2y0Mkk+QRVJbW3A=
github.com/multiformats/go-multiaddr-fmt v0.1.0 h1:WLEFClPycPkp4fnIzoFoV9FVd49/eQsuaL3/CWe167E=
github.com/multiformats/go-multibase v0.1.0 h1:+cr9718eEwFIUxPP7sQmixYYhD4sRrU9aMXqYb+0diE=
github.com/multiformats/go-multicodec v0.5.0 h1:EgU6cBe/D7WRwQb1KmnBvU7lrcFGMggZVTPtOW9dDHs=
github.com/multiformats/go-multihash v0.2.0 h1:oytJb9ZA1OUW0r0f9ea18GiaPOo4SXyc7p2movyUuo4=
github.com/multiformats/go-multistream v0.3.3 h1:d5PZpjwRgVlbwfdTDjife7XszfZd8KYWfROYFlGcR8o=
github.com/multiformats/go-varint v0.0.6 h1:gk85QWKxh3TazbLxED/NlDVv8+q+ReFJk7Y2W/KhfNY=
github.com/nxadm/tail v1.4.8 h1:nPr65rt6Y5JFSKQO7qToXr7pePgD6Gwiw05lkbyAQTE=
github.com/onsi/ginkgo v1.16.5 h1:8xi0RTUf59SOSfEtZMvwTvXYMzG4gV23XVHOZiXNtnE=
github.com/opencontainers/runtime-spec v1.0.2 h1:UfAcuLBJB9Coz72x1hgl8O5RVzTdNiaglX6v2DM6FI0=
github.com/opentracing/opentracing-go v1.2.0 h1:uEJPy/1a5RIPAJ0Ov+OIO8OxWu77jEv+1B0VhjKrZUs=
github.com/pbnjay/memory v0.0.0-20210728143218-7b4eea64cf58 h1:onHthvaw9LFnH4t2DcNVpwGmV9E1BkGknEliJkfwQj0=
github.com/pkg/errors v0.9.1 h1:FEBLx1zS214owpjy7qsBeixbURkuhQAwrK5UwLGTwt4=
github.com/pmezard/go-difflib v1.0.0 h1:4DBwDE0NGyQoBHbLQYPwSUPoCMWR5BEzIk/f1lZbAQM=
github.com/polydawn/refmt v0.0.0-20201211092308-30ac6d18308e h1:ZOcivgkkFRnjfoTcGsDq3UQYiBmekwLA+qg0OjyB/ls=
github.com/prometheus/client_golang v1.12.1 h1:ZiaPsmm9uiBeaSMRznKsCDNtPCS0T3JVDGF+06gjBzk=
github.com/prometheus/client_model v0.2.0 h1:uq5h0d+GuxiXLJLNABMgp2qUWDPiLvgCzz2dUR+/W/M=
github.com/prometheus/common v0.33.0 h1:rHgav/0a6+uYgGdNt3jwz8FNSesO/Hsang3O0T9A5SE=
github.com/prometheus/procfs v0.7.3 h1:4jVXhlkAyzOScmCkXBTOLRLTz8EeU+eyjrwB/EPq0VU=
github.com/raulk/clock v1.1.0 h1:dpb29+UKMbLqiU/jqIJptgLR1nn23HLgMY0sTCDza5Y=
github.com/raulk/go-watchdog v1.2.0 h1:konN75pw2BMmZ+AfuAm5rtFsWcJpKF3m02rKituuXNo=
github.com/rogpeppe/go-internal v1.6.1 h1:/FiVV8dS/e+YqF2JvO3yXRFbBLTIuSDkuC7aBOAvL+k=
github.com/smartystreets/assertions v1.0.0 h1:UVQPSSmc3qtTi+zPPkCXvZX9VvW/xT/NsRvKfwY81a8=
github.com/smartystreets/goconvey v1.6.4 h1:fv0U8FUIMPNf1L9lnHLvLhgicrIVChEkdzIKYqbNC9s=
github.com/spacemonkeygo/spacelog v0.0.0-20180420211403-2296661a0572 h1:RC6RW7j+1+HkWaX/Yh71Ee5ZHaHYt7ZP4sQgUrm6cDU=
github.com/spaolacci/murmur3 v1.1.0 h1:7c1g84S4BPRrfL5Xrdp6fOJ206sU9y293DDHaoy0bLI=
github.com/stretchr/testify v1.7.1 h1:5TQK59W5E3v0r2duFAb7P95B6hEeOyEnHRa8MjYSMTY=
github.com/warpfork/go-wish v0.0.0-20200122115046-b9ea61034e4a h1:G++j5e0OC488te356JvdhaM8YS6nMsjLAYF7JxCv07w=
github.com/whyrusleeping/go-keyspace v0.0.0-20160322163242-5b898ac5add1 h1:EKhdznlJHPMoKr0XTrX+IlJs1LH3lyx2nfr1dOlZ79k=
github.com/whyrusleeping/multiaddr-filter v0.0.0-20160516205228-e903e4adabd7 h1:E9S12nwJwEOXe2d6gT6qxdvqMnNq+VnSsKPgm2ZZNds=
go.opencensus.io v0.23.0 h1:gqCw0LfLxScz8irSi8exQc7fyQ0fKQU/qnC/X8+V/1M=
go.uber.org/atomic v1.9.0 h1:ECmE8Bn/WFTYwEW/bpKD3M8VtR/zQVbavAoalC1PYyE=
go.uber.org/goleak v1.1.12 h1:gZAh5/EyT/HQwlpkCy6wTpqfH9H8Lz8zbm3dZh+OyzA=
go.uber.org/multierr v1.8.0 h1:dg6GjLku4EH+249NNmoIciG9N/jURbDG+pFlTkhzIC8=
go.uber.org/zap v1.21.0 h1:WefMeulhovoZ2sYXz7st6K0sLj7bBhpiFaud4r4zST8=
golang.org/x/crypto v0.0.0-20220525230936-793ad666bf5e h1:T8NU3HyQ8ClP4SEE+KbFlg6n0NhuTsN4MyznaarGsZM=
golang.org/x/mod v0.6.0-dev.0.20220106191415-9b9b3d81d5e3 h1:kQgndtyPBW/JIYERgdxfwMYh3AVStj88WQTlNDi2a+o=
golang.org/x/net v0.0.0-20220517181318-183a9ca12b87 h1:cCR+9mKLOGyX4Zx+uBZDXEDAQsvKQ/XbW4vreG5v1jU=
golang.org/x/sync v0.0.0-20210220032951-036812b2e83c h1:5KslGYwFpkhGh+Q16bwMP3cOontH8FOep7tGV86Y7SQ=
golang.org/x/sys v0.0.0-20220517195934-5e4e11fc645e h1:w36l2Uw3dRan1K3TyXriXvY+6T56GNmlKGcqiQUJDfM=
golang.org/x/tools v0.1.10 h1:QjFRCZxdOhBJ/UNgnBZLbNV13DlbnK0quyivTnXJM20=
golang.org/x/xerrors v0.0.0-20220411194840-2f41105eb62f h1:GGU+dLjvlC3qDwqYgL6UgRmHXhOOgns0bZu2Ty5mm6U=
google.golang.org/grpc v1.46.0 h1:oCjezcn6g6A75TGoKYBPgKmVBLexhYLM6MebdrPApP8=
google.golang.org/protobuf v1.28.0 h1:w43yiav+6bVFTBQFZX0r7ipe9JQ1QsbMgHwbBziscLw=
gopkg.in/check.v1 v1.0.0-20201130134442-10cb98267c6c h1:Hei/4ADfdWqJk1ZMxUNpqntNwaWcugrBjAiHlqqRiVk=
gopkg.in/tomb.v1 v1.0.0-20141024135613-dd632973f1e7 h1:uRGJdciOHaEIrze2W8Q3AKkepLTh2hOroT7a+7czfdQ=
gopkg.in/yaml.v2 v2.4.0 h1:D8xgwECY7CYvx+Y2n4sBz93Jn9JRvxdiyyo8CTfuKaY=
gopkg.in/yaml.v3 v3.0.0-20210107192922-496545a6307b h1:h8qDotaEPuJATrMmW04NCwg7v22aHH28wwpauUhK9Oo=
lukechampine.com/blake3 v1.1.7 h1:GgRMhmdsuK8+ii6UZFDL8Nb+VyMwadAgcJyfYHxG6n0=
